{
  "version": 4,
  "terraform_version": "0.12.2",
  "serial": 1276,
  "lineage": "a2dffe59-1ea8-520e-b729-b5d760ee4993",
  "outputs": {
    "subnet_instance_private_ip": {
      "value": "192.168.90.11",
      "type": "string"
    },
    "subnet_instance_public_ip": {
      "value": "100.67.60.211",
      "type": "string"
    },
    "vlanaware_instance_private_ip": {
      "value": "192.168.70.10",
      "type": "string"
    },
    "vlanaware_instance_public_ip": {
      "value": "100.67.60.207",
      "type": "string"
    }
  },
  "resources": [
    {
      "mode": "managed",
      "type": "openstack_compute_floatingip_associate_v2",
      "name": "subnetwork_floatip",
      "provider": "provider.openstack",
      "instances": [
        {
          "schema_version": 0,
          "attributes": {
            "fixed_ip": "",
            "floating_ip": "100.67.60.211",
            "id": "100.67.60.211/adc8fb4c-9d3d-485b-9469-d53aff8b27f2/",
            "instance_id": "adc8fb4c-9d3d-485b-9469-d53aff8b27f2",
            "region": "",
            "timeouts": null,
            "wait_until_associated": true
          },
          "private": "eyJlMmJmYjczMC1lY2FhLTExZTYtOGY4OC0zNDM2M2JjN2M0YzAiOnsiY3JlYXRlIjo2MDAwMDAwMDAwMDB9fQ==",
          "depends_on": [
            "openstack_compute_floatingip_associate_v2.vlan_floatip",
            "openstack_compute_instance_v2.subnetwork_instance_1",
            "openstack_networking_floatingip_v2.subnetwork_floatip"
          ]
        }
      ]
    },
    {
      "mode": "managed",
      "type": "openstack_compute_floatingip_associate_v2",
      "name": "vlan_floatip",
      "provider": "provider.openstack",
      "instances": [
        {
          "schema_version": 0,
          "attributes": {
            "fixed_ip": "",
            "floating_ip": "100.67.60.207",
            "id": "100.67.60.207/bf3178b9-01cb-4348-bff5-9f0a36d88153/",
            "instance_id": "bf3178b9-01cb-4348-bff5-9f0a36d88153",
            "region": "",
            "timeouts": null,
            "wait_until_associated": true
          },
          "private": "eyJlMmJmYjczMC1lY2FhLTExZTYtOGY4OC0zNDM2M2JjN2M0YzAiOnsiY3JlYXRlIjo2MDAwMDAwMDAwMDB9fQ==",
          "depends_on": [
            "openstack_compute_instance_v2.vlanaware_instance_1",
            "openstack_networking_floatingip_v2.vlan_floatip"
          ]
        }
      ]
    },
    {
      "mode": "managed",
      "type": "openstack_compute_instance_v2",
      "name": "subnetwork_instance_1",
      "provider": "provider.openstack",
      "instances": [
        {
          "schema_version": 0,
          "attributes": {
            "access_ip_v4": "192.168.90.11",
            "access_ip_v6": "",
            "admin_pass": null,
            "all_metadata": {},
            "all_tags": [],
            "availability_zone": "nova1",
            "block_device": [],
            "config_drive": null,
            "flavor_id": "3b2d9c0c-90ca-43f3-b424-0324876e0f06",
            "flavor_name": "sanity_flavor",
            "floating_ip": null,
            "force_delete": false,
            "id": "adc8fb4c-9d3d-485b-9469-d53aff8b27f2",
            "image_id": "42d598e3-354c-4e50-a01d-9f5f4c3be9fa",
            "image_name": "centos",
            "key_pair": "ssh-key",
            "metadata": null,
            "name": "subnetwork_instance_1",
            "network": [
              {
                "access_network": false,
                "fixed_ip_v4": "192.168.90.11",
                "fixed_ip_v6": "",
                "floating_ip": "",
                "mac": "fa:16:3e:c6:0f:18",
                "name": "sub_network",
                "port": "a69da583-dc78-4bc2-a1ac-c808b72f8e80",
                "uuid": "737d0617-950e-4ebc-86d6-78397265e750"
              }
            ],
            "personality": [],
            "power_state": "active",
            "region": "",
            "scheduler_hints": [],
            "security_groups": [
              "default"
            ],
            "stop_before_destroy": false,
            "tags": null,
            "timeouts": null,
            "user_data": null,
            "vendor_options": [],
            "volume": []
          },
          "private": "eyJlMmJmYjczMC1lY2FhLTExZTYtOGY4OC0zNDM2M2JjN2M0YzAiOnsiY3JlYXRlIjoxODAwMDAwMDAwMDAwLCJkZWxldGUiOjE4MDAwMDAwMDAwMDAsInVwZGF0ZSI6MTgwMDAwMDAwMDAwMH19",
          "depends_on": [
            "openstack_networking_port_v2.sub_port_simple"
          ]
        }
      ]
    },
    {
      "mode": "managed",
      "type": "openstack_compute_instance_v2",
      "name": "vlanaware_instance_1",
      "provider": "provider.openstack",
      "instances": [
        {
          "schema_version": 0,
          "attributes": {
            "access_ip_v4": "192.168.70.10",
            "access_ip_v6": "",
            "admin_pass": null,
            "all_metadata": {},
            "all_tags": [],
            "availability_zone": "nova1",
            "block_device": [],
            "config_drive": null,
            "flavor_id": "3b2d9c0c-90ca-43f3-b424-0324876e0f06",
            "flavor_name": "sanity_flavor",
            "floating_ip": null,
            "force_delete": false,
            "id": "bf3178b9-01cb-4348-bff5-9f0a36d88153",
            "image_id": "42d598e3-354c-4e50-a01d-9f5f4c3be9fa",
            "image_name": "centos",
            "key_pair": "ssh-key",
            "metadata": null,
            "name": "vlanaware_instance_1",
            "network": [
              {
                "access_network": false,
                "fixed_ip_v4": "192.168.70.10",
                "fixed_ip_v6": "",
                "floating_ip": "",
                "mac": "fa:16:3e:8d:0b:b8",
                "name": "parent_network",
                "port": "65031155-180d-48b8-a937-6f7334a75819",
                "uuid": "2203c8bf-07b0-44eb-98e4-5105adf20242"
              }
            ],
            "personality": [],
            "power_state": "active",
            "region": "",
            "scheduler_hints": [],
            "security_groups": [
              "default"
            ],
            "stop_before_destroy": false,
            "tags": null,
            "timeouts": null,
            "user_data": null,
            "vendor_options": [],
            "volume": []
          },
          "private": "eyJlMmJmYjczMC1lY2FhLTExZTYtOGY4OC0zNDM2M2JjN2M0YzAiOnsiY3JlYXRlIjoxODAwMDAwMDAwMDAwLCJkZWxldGUiOjE4MDAwMDAwMDAwMDAsInVwZGF0ZSI6MTgwMDAwMDAwMDAwMH19",
          "depends_on": [
            "openstack_networking_trunk_v2.trunk_1"
          ]
        }
      ]
    },
    {
      "mode": "managed",
      "type": "openstack_compute_keypair_v2",
      "name": "ssh-key",
      "provider": "provider.openstack",
      "instances": [
        {
          "schema_version": 0,
          "attributes": {
            "fingerprint": "37:ac:de:cf:9a:61:cc:3d:f0:0e:6c:48:9f:d8:9f:43",
            "id": "ssh-key",
            "name": "ssh-key",
            "private_key": "",
            "public_key": "ssh-rsa AAAAB3NzaC1yc2EAAAADAQABAAABAQDgR8LqMUAHATFZMbeyo4OobarANGKq+EtNNdmI2aunpM8vUR56xqi9Wp4I2PmYCJb+EOAmK9+hAnPOBHeCP1N5Xtmi3yastQKIFuQM3A6ZUNP5g0CLVdYCwUmLfzPw7nsBfBeFKU1qkKe39+7Kfoal/pTyhX9HcXS2NiMs/1PVsLcVcnKnqP2R0peQ1c3uhgMI0GJ4OhLB6AVXKAf/hmkEug8GY4SVup5YL2kIHaC1QGY5rFMMzgkEnp3uIBQzMGLZ/0zRDINiAJsXOMSWcOv4xyn1cqKdAr/MRh00ABo45XzsvsSm/DiyjfhC6jP2w7keleS0bikTGWfqEccXBCxN osp_admin@director.r60.lab",
            "region": "",
            "value_specs": null
          },
          "private": "bnVsbA=="
        }
      ]
    },
    {
      "mode": "managed",
      "type": "openstack_networking_floatingip_v2",
      "name": "subnetwork_floatip",
      "provider": "provider.openstack",
      "instances": [
        {
          "schema_version": 0,
          "attributes": {
            "address": "100.67.60.211",
            "all_tags": [],
            "description": "",
            "dns_domain": "",
            "dns_name": "",
            "fixed_ip": "",
            "id": "52aa77cf-5667-46de-b980-fcb7f6b1e2db",
            "pool": "public",
            "port_id": "",
            "region": "",
            "subnet_id": null,
            "tags": null,
            "tenant_id": "e11e004bdd524b06b3ed6ac39706514c",
            "timeouts": null,
            "value_specs": null
          },
          "private": "eyJlMmJmYjczMC1lY2FhLTExZTYtOGY4OC0zNDM2M2JjN2M0YzAiOnsiY3JlYXRlIjo2MDAwMDAwMDAwMDAsImRlbGV0ZSI6NjAwMDAwMDAwMDAwfX0="
        }
      ]
    },
    {
      "mode": "managed",
      "type": "openstack_networking_floatingip_v2",
      "name": "vlan_floatip",
      "provider": "provider.openstack",
      "instances": [
        {
          "schema_version": 0,
          "attributes": {
            "address": "100.67.60.207",
            "all_tags": [],
            "description": "",
            "dns_domain": "",
            "dns_name": "",
            "fixed_ip": "",
            "id": "55011df1-f5e7-4a50-a42d-2e2bd3ac9d36",
            "pool": "public",
            "port_id": "",
            "region": "",
            "subnet_id": null,
            "tags": null,
            "tenant_id": "e11e004bdd524b06b3ed6ac39706514c",
            "timeouts": null,
            "value_specs": null
          },
          "private": "eyJlMmJmYjczMC1lY2FhLTExZTYtOGY4OC0zNDM2M2JjN2M0YzAiOnsiY3JlYXRlIjo2MDAwMDAwMDAwMDAsImRlbGV0ZSI6NjAwMDAwMDAwMDAwfX0="
        }
      ]
    },
    {
      "mode": "managed",
      "type": "openstack_networking_network_v2",
      "name": "parent_network",
      "provider": "provider.openstack",
      "instances": [
        {
          "schema_version": 0,
          "attributes": {
            "admin_state_up": true,
            "all_tags": [],
            "availability_zone_hints": [],
            "description": "",
            "dns_domain": "",
            "external": false,
            "id": "2203c8bf-07b0-44eb-98e4-5105adf20242",
            "mtu": 1500,
            "name": "parent_network",
            "port_security_enabled": true,
            "qos_policy_id": "",
            "region": "",
            "segments": [
              {
                "network_type": "vlan",
                "physical_network": "physint",
                "segmentation_id": 221
              }
            ],
            "shared": false,
            "tags": null,
            "tenant_id": "e11e004bdd524b06b3ed6ac39706514c",
            "timeouts": null,
            "transparent_vlan": false,
            "value_specs": null
          },
          "private": "eyJlMmJmYjczMC1lY2FhLTExZTYtOGY4OC0zNDM2M2JjN2M0YzAiOnsiY3JlYXRlIjo2MDAwMDAwMDAwMDAsImRlbGV0ZSI6NjAwMDAwMDAwMDAwfX0="
        }
      ]
    },
    {
      "mode": "managed",
      "type": "openstack_networking_network_v2",
      "name": "sub_network",
      "provider": "provider.openstack",
      "instances": [
        {
          "schema_version": 0,
          "attributes": {
            "admin_state_up": true,
            "all_tags": [],
            "availability_zone_hints": [],
            "description": "",
            "dns_domain": "",
            "external": false,
            "id": "737d0617-950e-4ebc-86d6-78397265e750",
            "mtu": 1500,
            "name": "sub_network",
            "port_security_enabled": true,
            "qos_policy_id": "",
            "region": "",
            "segments": [
              {
                "network_type": "vlan",
                "physical_network": "physint",
                "segmentation_id": 220
              }
            ],
            "shared": false,
            "tags": null,
            "tenant_id": "e11e004bdd524b06b3ed6ac39706514c",
            "timeouts": null,
            "transparent_vlan": false,
            "value_specs": null
          },
          "private": "eyJlMmJmYjczMC1lY2FhLTExZTYtOGY4OC0zNDM2M2JjN2M0YzAiOnsiY3JlYXRlIjo2MDAwMDAwMDAwMDAsImRlbGV0ZSI6NjAwMDAwMDAwMDAwfX0="
        }
      ]
    },
    {
      "mode": "managed",
      "type": "openstack_networking_port_v2",
      "name": "parent_port",
      "provider": "provider.openstack",
      "instances": [
        {
          "schema_version": 0,
          "attributes": {
            "admin_state_up": true,
            "all_fixed_ips": [
              "192.168.70.10"
            ],
            "all_security_group_ids": [
              "4a75fc71-5222-4a8f-a471-11cbfea28e75"
            ],
            "all_tags": [],
            "allowed_address_pairs": [],
            "binding": [
              {
                "host_id": "",
                "profile": "{}",
                "vif_details": {},
                "vif_type": "unbound",
                "vnic_type": "normal"
              }
            ],
            "description": "",
            "device_id": "",
            "device_owner": "",
            "dns_assignment": [],
            "dns_name": "",
            "extra_dhcp_option": [],
            "fixed_ip": [
              {
                "ip_address": "192.168.70.10",
                "subnet_id": "f4f9fd3a-8992-4e83-8ea6-c7ebb622f881"
              }
            ],
            "id": "65031155-180d-48b8-a937-6f7334a75819",
            "mac_address": "fa:16:3e:8d:0b:b8",
            "name": "parent_port",
            "network_id": "2203c8bf-07b0-44eb-98e4-5105adf20242",
            "no_fixed_ip": null,
            "no_security_groups": null,
            "port_security_enabled": true,
            "qos_policy_id": "",
            "region": "",
            "security_group_ids": null,
            "tags": null,
            "tenant_id": "e11e004bdd524b06b3ed6ac39706514c",
            "timeouts": null,
            "value_specs": null
          },
          "private": "eyJlMmJmYjczMC1lY2FhLTExZTYtOGY4OC0zNDM2M2JjN2M0YzAiOnsiY3JlYXRlIjo2MDAwMDAwMDAwMDAsImRlbGV0ZSI6NjAwMDAwMDAwMDAwfX0=",
          "depends_on": [
            "openstack_networking_network_v2.parent_network",
            "openstack_networking_subnet_v2.parent_subnet"
          ]
        }
      ]
    },
    {
      "mode": "managed",
      "type": "openstack_networking_port_v2",
      "name": "sub_port",
      "provider": "provider.openstack",
      "instances": [
        {
          "schema_version": 0,
          "attributes": {
            "admin_state_up": true,
            "all_fixed_ips": [
              "192.168.90.10"
            ],
            "all_security_group_ids": [
              "4a75fc71-5222-4a8f-a471-11cbfea28e75"
            ],
            "all_tags": [],
            "allowed_address_pairs": [],
            "binding": [
              {
                "host_id": "",
                "profile": "{}",
                "vif_details": {},
                "vif_type": "unbound",
                "vnic_type": "normal"
              }
            ],
            "description": "",
            "device_id": "",
            "device_owner": "",
            "dns_assignment": [],
            "dns_name": "",
            "extra_dhcp_option": [],
            "fixed_ip": [
              {
                "ip_address": "192.168.90.10",
                "subnet_id": "49ed8013-bc68-4856-b9a6-2be7e3d4a562"
              }
            ],
            "id": "b2020313-e7a7-440a-998b-902f8d158637",
            "mac_address": "fa:16:3e:8d:0b:b8",
            "name": "sub_port",
            "network_id": "737d0617-950e-4ebc-86d6-78397265e750",
            "no_fixed_ip": null,
            "no_security_groups": null,
            "port_security_enabled": true,
            "qos_policy_id": "",
            "region": "",
            "security_group_ids": null,
            "tags": null,
            "tenant_id": "e11e004bdd524b06b3ed6ac39706514c",
            "timeouts": null,
            "value_specs": null
          },
          "private": "eyJlMmJmYjczMC1lY2FhLTExZTYtOGY4OC0zNDM2M2JjN2M0YzAiOnsiY3JlYXRlIjo2MDAwMDAwMDAwMDAsImRlbGV0ZSI6NjAwMDAwMDAwMDAwfX0=",
          "depends_on": [
            "openstack_networking_network_v2.sub_network",
            "openstack_networking_port_v2.parent_port",
            "openstack_networking_subnet_v2.sub_subnet"
          ]
        }
      ]
    },
    {
      "mode": "managed",
      "type": "openstack_networking_port_v2",
      "name": "sub_port_simple",
      "provider": "provider.openstack",
      "instances": [
        {
          "schema_version": 0,
          "attributes": {
            "admin_state_up": true,
            "all_fixed_ips": [
              "192.168.90.11"
            ],
            "all_security_group_ids": [
              "4a75fc71-5222-4a8f-a471-11cbfea28e75"
            ],
            "all_tags": [],
            "allowed_address_pairs": [],
            "binding": [
              {
                "host_id": "",
                "profile": "{}",
                "vif_details": {},
                "vif_type": "unbound",
                "vnic_type": "normal"
              }
            ],
            "description": "",
            "device_id": "",
            "device_owner": "",
            "dns_assignment": [],
            "dns_name": "",
            "extra_dhcp_option": [],
            "fixed_ip": [
              {
                "ip_address": "192.168.90.11",
                "subnet_id": "49ed8013-bc68-4856-b9a6-2be7e3d4a562"
              }
            ],
            "id": "a69da583-dc78-4bc2-a1ac-c808b72f8e80",
            "mac_address": "fa:16:3e:c6:0f:18",
            "name": "sub_port_simple",
            "network_id": "737d0617-950e-4ebc-86d6-78397265e750",
            "no_fixed_ip": null,
            "no_security_groups": null,
            "port_security_enabled": true,
            "qos_policy_id": "",
            "region": "",
            "security_group_ids": null,
            "tags": null,
            "tenant_id": "e11e004bdd524b06b3ed6ac39706514c",
            "timeouts": null,
            "value_specs": null
          },
          "private": "eyJlMmJmYjczMC1lY2FhLTExZTYtOGY4OC0zNDM2M2JjN2M0YzAiOnsiY3JlYXRlIjo2MDAwMDAwMDAwMDAsImRlbGV0ZSI6NjAwMDAwMDAwMDAwfX0=",
          "depends_on": [
            "openstack_networking_network_v2.sub_network",
            "openstack_networking_subnet_v2.sub_subnet"
          ]
        }
      ]
    },
    {
      "mode": "managed",
      "type": "openstack_networking_router_interface_v2",
      "name": "parent_router_interface",
      "provider": "provider.openstack",
      "instances": [
        {
          "schema_version": 0,
          "attributes": {
            "id": "a6b38562-07ba-437f-812c-529893867555",
            "port_id": "a6b38562-07ba-437f-812c-529893867555",
            "region": "",
            "router_id": "c25a9f80-73d8-4801-8b6a-f53261e4c9f1",
            "subnet_id": "f4f9fd3a-8992-4e83-8ea6-c7ebb622f881",
            "timeouts": null
          },
          "private": "eyJlMmJmYjczMC1lY2FhLTExZTYtOGY4OC0zNDM2M2JjN2M0YzAiOnsiY3JlYXRlIjo2MDAwMDAwMDAwMDAsImRlbGV0ZSI6NjAwMDAwMDAwMDAwfX0=",
          "depends_on": [
            "openstack_networking_router_v2.router_1",
            "openstack_networking_subnet_v2.parent_subnet"
          ]
        }
      ]
    },
    {
      "mode": "managed",
      "type": "openstack_networking_router_interface_v2",
      "name": "sub_router_interface",
      "provider": "provider.openstack",
      "instances": [
        {
          "schema_version": 0,
          "attributes": {
            "id": "d89193be-b9f8-4e31-9fcc-17798afdb383",
            "port_id": "d89193be-b9f8-4e31-9fcc-17798afdb383",
            "region": "",
            "router_id": "c25a9f80-73d8-4801-8b6a-f53261e4c9f1",
            "subnet_id": "49ed8013-bc68-4856-b9a6-2be7e3d4a562",
            "timeouts": null
          },
          "private": "eyJlMmJmYjczMC1lY2FhLTExZTYtOGY4OC0zNDM2M2JjN2M0YzAiOnsiY3JlYXRlIjo2MDAwMDAwMDAwMDAsImRlbGV0ZSI6NjAwMDAwMDAwMDAwfX0=",
          "depends_on": [
            "openstack_networking_router_v2.router_1",
            "openstack_networking_subnet_v2.sub_subnet"
          ]
        }
      ]
    },
    {
      "mode": "managed",
      "type": "openstack_networking_router_v2",
      "name": "router_1",
      "provider": "provider.openstack",
      "instances": [
        {
          "schema_version": 0,
          "attributes": {
            "admin_state_up": true,
            "all_tags": [],
            "availability_zone_hints": [],
            "description": "",
            "distributed": false,
            "enable_snat": true,
            "external_fixed_ip": [
              {
                "ip_address": "100.67.60.194",
                "subnet_id": "0df5d6fd-a402-4c85-a62b-1d1df651fc6b"
              }
            ],
            "external_gateway": "45d3d1ac-f2a8-4b69-85c0-e8cbfc7f3552",
            "external_network_id": "45d3d1ac-f2a8-4b69-85c0-e8cbfc7f3552",
            "id": "c25a9f80-73d8-4801-8b6a-f53261e4c9f1",
            "name": "router_1",
            "region": "",
            "tags": null,
            "tenant_id": "e11e004bdd524b06b3ed6ac39706514c",
            "timeouts": null,
            "value_specs": null,
            "vendor_options": []
          },
          "private": "eyJlMmJmYjczMC1lY2FhLTExZTYtOGY4OC0zNDM2M2JjN2M0YzAiOnsiY3JlYXRlIjo2MDAwMDAwMDAwMDAsImRlbGV0ZSI6NjAwMDAwMDAwMDAwfX0="
        }
      ]
    },
    {
      "mode": "managed",
      "type": "openstack_networking_subnet_v2",
      "name": "parent_subnet",
      "provider": "provider.openstack",
      "instances": [
        {
          "schema_version": 0,
          "attributes": {
            "all_tags": [],
            "allocation_pool": [
              {
                "end": "192.168.70.254",
                "start": "192.168.70.2"
              }
            ],
            "allocation_pools": [
              {
                "end": "192.168.70.254",
                "start": "192.168.70.2"
              }
            ],
            "cidr": "192.168.70.0/24",
            "description": "",
            "dns_nameservers": [
              "8.8.8.8",
              "8.8.4.4"
            ],
            "enable_dhcp": true,
            "gateway_ip": "192.168.70.1",
            "host_routes": [],
            "id": "f4f9fd3a-8992-4e83-8ea6-c7ebb622f881",
            "ip_version": 4,
            "ipv6_address_mode": "",
            "ipv6_ra_mode": "",
            "name": "parent_subnet",
            "network_id": "2203c8bf-07b0-44eb-98e4-5105adf20242",
            "no_gateway": false,
            "prefix_length": null,
            "region": "",
            "subnetpool_id": "",
            "tags": null,
            "tenant_id": "e11e004bdd524b06b3ed6ac39706514c",
            "timeouts": null,
            "value_specs": null
          },
          "private": "eyJlMmJmYjczMC1lY2FhLTExZTYtOGY4OC0zNDM2M2JjN2M0YzAiOnsiY3JlYXRlIjo2MDAwMDAwMDAwMDAsImRlbGV0ZSI6NjAwMDAwMDAwMDAwfX0=",
          "depends_on": [
            "openstack_networking_network_v2.parent_network"
          ]
        }
      ]
    },
    {
      "mode": "managed",
      "type": "openstack_networking_subnet_v2",
      "name": "sub_subnet",
      "provider": "provider.openstack",
      "instances": [
        {
          "schema_version": 0,
          "attributes": {
            "all_tags": [],
            "allocation_pool": [
              {
                "end": "192.168.90.254",
                "start": "192.168.90.2"
              }
            ],
            "allocation_pools": [
              {
                "end": "192.168.90.254",
                "start": "192.168.90.2"
              }
            ],
            "cidr": "192.168.90.0/24",
            "description": "",
            "dns_nameservers": [
              "8.8.8.8",
              "8.8.4.4"
            ],
            "enable_dhcp": true,
            "gateway_ip": "192.168.90.1",
            "host_routes": [],
            "id": "49ed8013-bc68-4856-b9a6-2be7e3d4a562",
            "ip_version": 4,
            "ipv6_address_mode": "",
            "ipv6_ra_mode": "",
            "name": "sub_subnet",
            "network_id": "737d0617-950e-4ebc-86d6-78397265e750",
            "no_gateway": false,
            "prefix_length": null,
            "region": "",
            "subnetpool_id": "",
            "tags": null,
            "tenant_id": "e11e004bdd524b06b3ed6ac39706514c",
            "timeouts": null,
            "value_specs": null
          },
          "private": "eyJlMmJmYjczMC1lY2FhLTExZTYtOGY4OC0zNDM2M2JjN2M0YzAiOnsiY3JlYXRlIjo2MDAwMDAwMDAwMDAsImRlbGV0ZSI6NjAwMDAwMDAwMDAwfX0=",
          "depends_on": [
            "openstack_networking_network_v2.sub_network"
          ]
        }
      ]
    },
    {
      "mode": "managed",
      "type": "openstack_networking_trunk_v2",
      "name": "trunk_1",
      "provider": "provider.openstack",
      "instances": [
        {
          "schema_version": 0,
          "attributes": {
            "admin_state_up": true,
            "all_tags": [],
            "description": "",
            "id": "b351ff5b-dddb-47fb-840f-370c3b85bc96",
            "name": "trunk_1",
            "port_id": "65031155-180d-48b8-a937-6f7334a75819",
            "region": "",
            "sub_port": [
              {
                "port_id": "b2020313-e7a7-440a-998b-902f8d158637",
                "segmentation_id": 220,
                "segmentation_type": "vlan"
              }
            ],
            "tags": null,
            "tenant_id": "e11e004bdd524b06b3ed6ac39706514c",
            "timeouts": null
          },
          "private": "eyJlMmJmYjczMC1lY2FhLTExZTYtOGY4OC0zNDM2M2JjN2M0YzAiOnsiY3JlYXRlIjozMDAwMDAwMDAwMDAsImRlbGV0ZSI6MzAwMDAwMDAwMDAwfX0=",
          "depends_on": [
            "openstack_networking_port_v2.parent_port",
            "openstack_networking_port_v2.sub_port"
          ]
        }
      ]
    }
  ]
}
