{
  "version": 4,
  "terraform_version": "0.12.17",
  "serial": 168,
  "lineage": "8a23c2db-fa2f-3cd4-6815-d0b1d16464ca",
  "outputs": {
    "subnet_instance_private_ip": {
      "value": "192.168.90.11",
      "type": "string"
    },
    "subnet_instance_public_ip": {
      "value": "100.67.60.195",
      "type": "string"
    },
    "vlanaware_instance_private_ip": {
      "value": "192.168.70.10",
      "type": "string"
    },
    "vlanaware_instance_public_ip": {
      "value": "100.67.60.198",
      "type": "string"
    }
  },
  "resources": [
    {
      "mode": "data",
      "type": "openstack_compute_availability_zones_v2",
      "name": "zones",
      "provider": "provider.openstack",
      "instances": [
        {
          "schema_version": 0,
          "attributes": {
            "id": "3612554252",
            "names": [
              "nova0",
              "nova1",
              "nova2"
            ],
            "region": "",
            "state": "available"
          }
        }
      ]
    },
    {
      "mode": "data",
      "type": "openstack_networking_network_v2",
      "name": "network",
      "provider": "provider.openstack",
      "instances": [
        {
          "schema_version": 0,
          "attributes": {
            "admin_state_up": "true",
            "all_tags": [],
            "availability_zone_hints": [],
            "description": "",
            "dns_domain": "",
            "external": true,
            "id": "72223c00-1013-499d-b6f2-341626f88674",
            "matching_subnet_cidr": null,
            "mtu": 1500,
            "name": "public",
            "network_id": null,
            "region": "",
            "shared": "false",
            "status": null,
            "tags": null,
            "tenant_id": "e11e004bdd524b06b3ed6ac39706514c",
            "transparent_vlan": false
          }
        }
      ]
    },
    {
      "mode": "managed",
      "type": "openstack_compute_floatingip_associate_v2",
      "name": "subnetwork_floatip",
      "provider": "provider.openstack",
      "instances": [
        {
          "schema_version": 0,
          "attributes": {
            "fixed_ip": "",
            "floating_ip": "100.67.60.195",
            "id": "100.67.60.195/94483fab-7735-4ffa-a5f2-369d2a980084/",
            "instance_id": "94483fab-7735-4ffa-a5f2-369d2a980084",
            "region": "",
            "timeouts": null,
            "wait_until_associated": true
          },
          "private": "eyJlMmJmYjczMC1lY2FhLTExZTYtOGY4OC0zNDM2M2JjN2M0YzAiOnsiY3JlYXRlIjo2MDAwMDAwMDAwMDB9fQ==",
          "dependencies": [
            "openstack_compute_floatingip_associate_v2.vlan_floatip",
            "openstack_compute_instance_v2.subnetwork_instance_1",
            "openstack_compute_instance_v2.vlanaware_instance_1",
            "openstack_networking_floatingip_v2.subnetwork_floatip",
            "openstack_networking_floatingip_v2.vlan_floatip",
            "openstack_networking_network_v2.parent_network",
            "openstack_networking_network_v2.public",
            "openstack_networking_network_v2.sub_network",
            "openstack_networking_port_v2.parent_port",
            "openstack_networking_port_v2.sub_port",
            "openstack_networking_port_v2.sub_port_simple",
            "openstack_networking_subnet_v2.parent_subnet",
            "openstack_networking_subnet_v2.sub_subnet",
            "openstack_networking_trunk_v2.trunk_1"
          ]
        }
      ]
    },
    {
      "mode": "managed",
      "type": "openstack_compute_floatingip_associate_v2",
      "name": "vlan_floatip",
      "provider": "provider.openstack",
      "instances": [
        {
          "schema_version": 0,
          "attributes": {
            "fixed_ip": "",
            "floating_ip": "100.67.60.198",
            "id": "100.67.60.198/9e29e5cd-671d-48b4-a9f8-7aac7658f84c/",
            "instance_id": "9e29e5cd-671d-48b4-a9f8-7aac7658f84c",
            "region": "",
            "timeouts": null,
            "wait_until_associated": true
          },
          "private": "eyJlMmJmYjczMC1lY2FhLTExZTYtOGY4OC0zNDM2M2JjN2M0YzAiOnsiY3JlYXRlIjo2MDAwMDAwMDAwMDB9fQ==",
          "dependencies": [
            "openstack_compute_instance_v2.vlanaware_instance_1",
            "openstack_networking_floatingip_v2.vlan_floatip",
            "openstack_networking_network_v2.parent_network",
            "openstack_networking_network_v2.public",
            "openstack_networking_network_v2.sub_network",
            "openstack_networking_port_v2.parent_port",
            "openstack_networking_port_v2.sub_port",
            "openstack_networking_subnet_v2.parent_subnet",
            "openstack_networking_subnet_v2.sub_subnet",
            "openstack_networking_trunk_v2.trunk_1"
          ]
        }
      ]
    },
    {
      "mode": "managed",
      "type": "openstack_compute_instance_v2",
      "name": "subnetwork_instance_1",
      "provider": "provider.openstack",
      "instances": [
        {
          "schema_version": 0,
          "attributes": {
            "access_ip_v4": "192.168.90.11",
            "access_ip_v6": "",
            "admin_pass": null,
            "all_metadata": {},
            "all_tags": [],
            "availability_zone": "nova1",
            "block_device": [],
            "config_drive": null,
            "flavor_id": "3b2d9c0c-90ca-43f3-b424-0324876e0f06",
            "flavor_name": "sanity_flavor",
            "floating_ip": null,
            "force_delete": false,
            "id": "94483fab-7735-4ffa-a5f2-369d2a980084",
            "image_id": "42d598e3-354c-4e50-a01d-9f5f4c3be9fa",
            "image_name": "centos",
            "key_pair": "ssh-key",
            "metadata": null,
            "name": "subnetwork_instance_1",
            "network": [
              {
                "access_network": false,
                "fixed_ip_v4": "192.168.90.11",
                "fixed_ip_v6": "",
                "floating_ip": "",
                "mac": "fa:16:3e:39:36:ab",
                "name": "sub_network",
                "port": "b62b10bf-9aed-494a-8c07-1aa7b8b19554",
                "uuid": "747ad94a-cc58-40b0-a0f7-edb69ae8d41e"
              }
            ],
            "personality": [],
            "power_state": "active",
            "region": "",
            "scheduler_hints": [],
            "security_groups": [
              "default"
            ],
            "stop_before_destroy": false,
            "tags": null,
            "timeouts": null,
            "user_data": null,
            "vendor_options": [],
            "volume": []
          },
          "private": "eyJlMmJmYjczMC1lY2FhLTExZTYtOGY4OC0zNDM2M2JjN2M0YzAiOnsiY3JlYXRlIjoxODAwMDAwMDAwMDAwLCJkZWxldGUiOjE4MDAwMDAwMDAwMDAsInVwZGF0ZSI6MTgwMDAwMDAwMDAwMH19",
          "dependencies": [
            "openstack_networking_network_v2.sub_network",
            "openstack_networking_port_v2.sub_port_simple",
            "openstack_networking_subnet_v2.sub_subnet"
          ]
        }
      ]
    },
    {
      "mode": "managed",
      "type": "openstack_compute_instance_v2",
      "name": "vlanaware_instance_1",
      "provider": "provider.openstack",
      "instances": [
        {
          "schema_version": 0,
          "attributes": {
            "access_ip_v4": "192.168.70.10",
            "access_ip_v6": "",
            "admin_pass": null,
            "all_metadata": {},
            "all_tags": [],
            "availability_zone": "nova0",
            "block_device": [],
            "config_drive": null,
            "flavor_id": "3b2d9c0c-90ca-43f3-b424-0324876e0f06",
            "flavor_name": "sanity_flavor",
            "floating_ip": null,
            "force_delete": false,
            "id": "9e29e5cd-671d-48b4-a9f8-7aac7658f84c",
            "image_id": "42d598e3-354c-4e50-a01d-9f5f4c3be9fa",
            "image_name": "centos",
            "key_pair": "ssh-key",
            "metadata": null,
            "name": "vlanaware_instance_1",
            "network": [
              {
                "access_network": false,
                "fixed_ip_v4": "192.168.70.10",
                "fixed_ip_v6": "",
                "floating_ip": "",
                "mac": "fa:16:3e:73:95:54",
                "name": "parent_network",
                "port": "8539f939-d5e8-4595-8153-6d3757881810",
                "uuid": "3685efde-50f7-4ff4-824b-0ae232845177"
              }
            ],
            "personality": [],
            "power_state": "active",
            "region": "",
            "scheduler_hints": [],
            "security_groups": [
              "default"
            ],
            "stop_before_destroy": false,
            "tags": null,
            "timeouts": null,
            "user_data": null,
            "vendor_options": [],
            "volume": []
          },
          "private": "eyJlMmJmYjczMC1lY2FhLTExZTYtOGY4OC0zNDM2M2JjN2M0YzAiOnsiY3JlYXRlIjoxODAwMDAwMDAwMDAwLCJkZWxldGUiOjE4MDAwMDAwMDAwMDAsInVwZGF0ZSI6MTgwMDAwMDAwMDAwMH19",
          "dependencies": [
            "openstack_networking_network_v2.parent_network",
            "openstack_networking_network_v2.sub_network",
            "openstack_networking_port_v2.parent_port",
            "openstack_networking_port_v2.sub_port",
            "openstack_networking_subnet_v2.parent_subnet",
            "openstack_networking_subnet_v2.sub_subnet",
            "openstack_networking_trunk_v2.trunk_1"
          ]
        }
      ]
    },
    {
      "mode": "managed",
      "type": "openstack_compute_keypair_v2",
      "name": "ssh-key",
      "provider": "provider.openstack",
      "instances": [
        {
          "schema_version": 0,
          "attributes": {
            "fingerprint": "37:ac:de:cf:9a:61:cc:3d:f0:0e:6c:48:9f:d8:9f:43",
            "id": "ssh-key",
            "name": "ssh-key",
            "private_key": "",
            "public_key": "ssh-rsa AAAAB3NzaC1yc2EAAAADAQABAAABAQDgR8LqMUAHATFZMbeyo4OobarANGKq+EtNNdmI2aunpM8vUR56xqi9Wp4I2PmYCJb+EOAmK9+hAnPOBHeCP1N5Xtmi3yastQKIFuQM3A6ZUNP5g0CLVdYCwUmLfzPw7nsBfBeFKU1qkKe39+7Kfoal/pTyhX9HcXS2NiMs/1PVsLcVcnKnqP2R0peQ1c3uhgMI0GJ4OhLB6AVXKAf/hmkEug8GY4SVup5YL2kIHaC1QGY5rFMMzgkEnp3uIBQzMGLZ/0zRDINiAJsXOMSWcOv4xyn1cqKdAr/MRh00ABo45XzsvsSm/DiyjfhC6jP2w7keleS0bikTGWfqEccXBCxN osp_admin@director.r60.lab",
            "region": "",
            "value_specs": null
          },
          "private": "bnVsbA=="
        }
      ]
    },
    {
      "mode": "managed",
      "type": "openstack_networking_floatingip_v2",
      "name": "subnetwork_floatip",
      "provider": "provider.openstack",
      "instances": [
        {
          "schema_version": 0,
          "attributes": {
            "address": "100.67.60.195",
            "all_tags": [],
            "description": "",
            "dns_domain": "",
            "dns_name": "",
            "fixed_ip": "",
            "id": "53d156da-2c03-4d68-a7b6-3e6157509f6a",
            "pool": "public",
            "port_id": "",
            "region": "",
            "subnet_id": null,
            "tags": null,
            "tenant_id": "e11e004bdd524b06b3ed6ac39706514c",
            "timeouts": null,
            "value_specs": null
          },
          "private": "eyJlMmJmYjczMC1lY2FhLTExZTYtOGY4OC0zNDM2M2JjN2M0YzAiOnsiY3JlYXRlIjo2MDAwMDAwMDAwMDAsImRlbGV0ZSI6NjAwMDAwMDAwMDAwfX0=",
          "dependencies": [
            "openstack_networking_network_v2.public"
          ]
        }
      ]
    },
    {
      "mode": "managed",
      "type": "openstack_networking_floatingip_v2",
      "name": "vlan_floatip",
      "provider": "provider.openstack",
      "instances": [
        {
          "schema_version": 0,
          "attributes": {
            "address": "100.67.60.198",
            "all_tags": [],
            "description": "",
            "dns_domain": "",
            "dns_name": "",
            "fixed_ip": "",
            "id": "f4c50140-6f32-4c0c-bd7e-87ed419feeb5",
            "pool": "public",
            "port_id": "",
            "region": "",
            "subnet_id": null,
            "tags": null,
            "tenant_id": "e11e004bdd524b06b3ed6ac39706514c",
            "timeouts": null,
            "value_specs": null
          },
          "private": "eyJlMmJmYjczMC1lY2FhLTExZTYtOGY4OC0zNDM2M2JjN2M0YzAiOnsiY3JlYXRlIjo2MDAwMDAwMDAwMDAsImRlbGV0ZSI6NjAwMDAwMDAwMDAwfX0=",
          "dependencies": [
            "openstack_networking_network_v2.public"
          ]
        }
      ]
    },
    {
      "mode": "managed",
      "type": "openstack_networking_network_v2",
      "name": "parent_network",
      "provider": "provider.openstack",
      "instances": [
        {
          "schema_version": 0,
          "attributes": {
            "admin_state_up": true,
            "all_tags": [],
            "availability_zone_hints": [],
            "description": "",
            "dns_domain": "",
            "external": false,
            "id": "3685efde-50f7-4ff4-824b-0ae232845177",
            "mtu": 1500,
            "name": "parent_network",
            "port_security_enabled": true,
            "qos_policy_id": "",
            "region": "",
            "segments": [
              {
                "network_type": "vlan",
                "physical_network": "physint",
                "segmentation_id": 221
              }
            ],
            "shared": false,
            "tags": null,
            "tenant_id": "e11e004bdd524b06b3ed6ac39706514c",
            "timeouts": null,
            "transparent_vlan": false,
            "value_specs": null
          },
          "private": "eyJlMmJmYjczMC1lY2FhLTExZTYtOGY4OC0zNDM2M2JjN2M0YzAiOnsiY3JlYXRlIjo2MDAwMDAwMDAwMDAsImRlbGV0ZSI6NjAwMDAwMDAwMDAwfX0="
        }
      ]
    },
    {
      "mode": "managed",
      "type": "openstack_networking_network_v2",
      "name": "public",
      "provider": "provider.openstack",
      "instances": [
        {
          "schema_version": 0,
          "attributes": {
            "admin_state_up": true,
            "all_tags": [],
            "availability_zone_hints": [],
            "description": "",
            "dns_domain": "",
            "external": true,
            "id": "72223c00-1013-499d-b6f2-341626f88674",
            "mtu": 1500,
            "name": "public",
            "port_security_enabled": true,
            "qos_policy_id": "",
            "region": "",
            "segments": [
              {
                "network_type": "vlan",
                "physical_network": "physext",
                "segmentation_id": 604
              }
            ],
            "shared": false,
            "tags": null,
            "tenant_id": "e11e004bdd524b06b3ed6ac39706514c",
            "timeouts": null,
            "transparent_vlan": false,
            "value_specs": null
          },
          "private": "eyJlMmJmYjczMC1lY2FhLTExZTYtOGY4OC0zNDM2M2JjN2M0YzAiOnsiY3JlYXRlIjo2MDAwMDAwMDAwMDAsImRlbGV0ZSI6NjAwMDAwMDAwMDAwfX0="
        }
      ]
    },
    {
      "mode": "managed",
      "type": "openstack_networking_network_v2",
      "name": "sub_network",
      "provider": "provider.openstack",
      "instances": [
        {
          "schema_version": 0,
          "attributes": {
            "admin_state_up": true,
            "all_tags": [],
            "availability_zone_hints": [],
            "description": "",
            "dns_domain": "",
            "external": false,
            "id": "747ad94a-cc58-40b0-a0f7-edb69ae8d41e",
            "mtu": 1500,
            "name": "sub_network",
            "port_security_enabled": true,
            "qos_policy_id": "",
            "region": "",
            "segments": [
              {
                "network_type": "vlan",
                "physical_network": "physint",
                "segmentation_id": 220
              }
            ],
            "shared": false,
            "tags": null,
            "tenant_id": "e11e004bdd524b06b3ed6ac39706514c",
            "timeouts": null,
            "transparent_vlan": false,
            "value_specs": null
          },
          "private": "eyJlMmJmYjczMC1lY2FhLTExZTYtOGY4OC0zNDM2M2JjN2M0YzAiOnsiY3JlYXRlIjo2MDAwMDAwMDAwMDAsImRlbGV0ZSI6NjAwMDAwMDAwMDAwfX0="
        }
      ]
    },
    {
      "mode": "managed",
      "type": "openstack_networking_port_v2",
      "name": "parent_port",
      "provider": "provider.openstack",
      "instances": [
        {
          "schema_version": 0,
          "attributes": {
            "admin_state_up": true,
            "all_fixed_ips": [
              "192.168.70.10"
            ],
            "all_security_group_ids": [
              "4a75fc71-5222-4a8f-a471-11cbfea28e75"
            ],
            "all_tags": [],
            "allowed_address_pairs": [],
            "binding": [
              {
                "host_id": "",
                "profile": "{}",
                "vif_details": {},
                "vif_type": "unbound",
                "vnic_type": "normal"
              }
            ],
            "description": "",
            "device_id": "",
            "device_owner": "",
            "dns_assignment": [],
            "dns_name": "",
            "extra_dhcp_option": [],
            "fixed_ip": [
              {
                "ip_address": "192.168.70.10",
                "subnet_id": "a0accef2-65d7-476b-ad8d-69eef58a4ad8"
              }
            ],
            "id": "8539f939-d5e8-4595-8153-6d3757881810",
            "mac_address": "fa:16:3e:73:95:54",
            "name": "parent_port",
            "network_id": "3685efde-50f7-4ff4-824b-0ae232845177",
            "no_fixed_ip": null,
            "no_security_groups": null,
            "port_security_enabled": true,
            "qos_policy_id": "",
            "region": "",
            "security_group_ids": null,
            "tags": null,
            "tenant_id": "e11e004bdd524b06b3ed6ac39706514c",
            "timeouts": null,
            "value_specs": null
          },
          "private": "eyJlMmJmYjczMC1lY2FhLTExZTYtOGY4OC0zNDM2M2JjN2M0YzAiOnsiY3JlYXRlIjo2MDAwMDAwMDAwMDAsImRlbGV0ZSI6NjAwMDAwMDAwMDAwfX0=",
          "dependencies": [
            "openstack_networking_network_v2.parent_network",
            "openstack_networking_subnet_v2.parent_subnet"
          ]
        }
      ]
    },
    {
      "mode": "managed",
      "type": "openstack_networking_port_v2",
      "name": "sub_port",
      "provider": "provider.openstack",
      "instances": [
        {
          "schema_version": 0,
          "attributes": {
            "admin_state_up": true,
            "all_fixed_ips": [
              "192.168.90.10"
            ],
            "all_security_group_ids": [
              "4a75fc71-5222-4a8f-a471-11cbfea28e75"
            ],
            "all_tags": [],
            "allowed_address_pairs": [],
            "binding": [
              {
                "host_id": "",
                "profile": "{}",
                "vif_details": {},
                "vif_type": "unbound",
                "vnic_type": "normal"
              }
            ],
            "description": "",
            "device_id": "",
            "device_owner": "",
            "dns_assignment": [],
            "dns_name": "",
            "extra_dhcp_option": [],
            "fixed_ip": [
              {
                "ip_address": "192.168.90.10",
                "subnet_id": "faa03c3b-4329-48d9-b701-40583f3710d7"
              }
            ],
            "id": "ab279b51-81a8-4ca1-b00b-66214a2442c2",
            "mac_address": "fa:16:3e:73:95:54",
            "name": "sub_port",
            "network_id": "747ad94a-cc58-40b0-a0f7-edb69ae8d41e",
            "no_fixed_ip": null,
            "no_security_groups": null,
            "port_security_enabled": true,
            "qos_policy_id": "",
            "region": "",
            "security_group_ids": null,
            "tags": null,
            "tenant_id": "e11e004bdd524b06b3ed6ac39706514c",
            "timeouts": null,
            "value_specs": null
          },
          "private": "eyJlMmJmYjczMC1lY2FhLTExZTYtOGY4OC0zNDM2M2JjN2M0YzAiOnsiY3JlYXRlIjo2MDAwMDAwMDAwMDAsImRlbGV0ZSI6NjAwMDAwMDAwMDAwfX0=",
          "dependencies": [
            "openstack_networking_network_v2.parent_network",
            "openstack_networking_network_v2.sub_network",
            "openstack_networking_port_v2.parent_port",
            "openstack_networking_subnet_v2.parent_subnet",
            "openstack_networking_subnet_v2.sub_subnet"
          ]
        }
      ]
    },
    {
      "mode": "managed",
      "type": "openstack_networking_port_v2",
      "name": "sub_port_simple",
      "provider": "provider.openstack",
      "instances": [
        {
          "schema_version": 0,
          "attributes": {
            "admin_state_up": true,
            "all_fixed_ips": [
              "192.168.90.11"
            ],
            "all_security_group_ids": [
              "4a75fc71-5222-4a8f-a471-11cbfea28e75"
            ],
            "all_tags": [],
            "allowed_address_pairs": [],
            "binding": [
              {
                "host_id": "",
                "profile": "{}",
                "vif_details": {},
                "vif_type": "unbound",
                "vnic_type": "normal"
              }
            ],
            "description": "",
            "device_id": "",
            "device_owner": "",
            "dns_assignment": [],
            "dns_name": "",
            "extra_dhcp_option": [],
            "fixed_ip": [
              {
                "ip_address": "192.168.90.11",
                "subnet_id": "faa03c3b-4329-48d9-b701-40583f3710d7"
              }
            ],
            "id": "b62b10bf-9aed-494a-8c07-1aa7b8b19554",
            "mac_address": "fa:16:3e:39:36:ab",
            "name": "sub_port_simple",
            "network_id": "747ad94a-cc58-40b0-a0f7-edb69ae8d41e",
            "no_fixed_ip": null,
            "no_security_groups": null,
            "port_security_enabled": true,
            "qos_policy_id": "",
            "region": "",
            "security_group_ids": null,
            "tags": null,
            "tenant_id": "e11e004bdd524b06b3ed6ac39706514c",
            "timeouts": null,
            "value_specs": null
          },
          "private": "eyJlMmJmYjczMC1lY2FhLTExZTYtOGY4OC0zNDM2M2JjN2M0YzAiOnsiY3JlYXRlIjo2MDAwMDAwMDAwMDAsImRlbGV0ZSI6NjAwMDAwMDAwMDAwfX0=",
          "dependencies": [
            "openstack_networking_network_v2.sub_network",
            "openstack_networking_subnet_v2.sub_subnet"
          ]
        }
      ]
    },
    {
      "mode": "managed",
      "type": "openstack_networking_router_interface_v2",
      "name": "parent_router_interface",
      "provider": "provider.openstack",
      "instances": [
        {
          "schema_version": 0,
          "attributes": {
            "id": "adc6e31a-7629-45f4-b61d-806977f671c0",
            "port_id": "adc6e31a-7629-45f4-b61d-806977f671c0",
            "region": "",
            "router_id": "7c541b1b-4998-4f75-8221-1da0a996e087",
            "subnet_id": "a0accef2-65d7-476b-ad8d-69eef58a4ad8",
            "timeouts": null
          },
          "private": "eyJlMmJmYjczMC1lY2FhLTExZTYtOGY4OC0zNDM2M2JjN2M0YzAiOnsiY3JlYXRlIjo2MDAwMDAwMDAwMDAsImRlbGV0ZSI6NjAwMDAwMDAwMDAwfX0=",
          "dependencies": [
            "openstack_networking_network_v2.parent_network",
            "openstack_networking_network_v2.public",
            "openstack_networking_router_v2.router_1",
            "openstack_networking_subnet_v2.parent_subnet"
          ]
        }
      ]
    },
    {
      "mode": "managed",
      "type": "openstack_networking_router_interface_v2",
      "name": "sub_router_interface",
      "provider": "provider.openstack",
      "instances": [
        {
          "schema_version": 0,
          "attributes": {
            "id": "26d2a733-1b1b-41ed-9f4d-37a47f01eea6",
            "port_id": "26d2a733-1b1b-41ed-9f4d-37a47f01eea6",
            "region": "",
            "router_id": "7c541b1b-4998-4f75-8221-1da0a996e087",
            "subnet_id": "faa03c3b-4329-48d9-b701-40583f3710d7",
            "timeouts": null
          },
          "private": "eyJlMmJmYjczMC1lY2FhLTExZTYtOGY4OC0zNDM2M2JjN2M0YzAiOnsiY3JlYXRlIjo2MDAwMDAwMDAwMDAsImRlbGV0ZSI6NjAwMDAwMDAwMDAwfX0=",
          "dependencies": [
            "openstack_networking_network_v2.public",
            "openstack_networking_network_v2.sub_network",
            "openstack_networking_router_v2.router_1",
            "openstack_networking_subnet_v2.sub_subnet"
          ]
        }
      ]
    },
    {
      "mode": "managed",
      "type": "openstack_networking_router_v2",
      "name": "router_1",
      "provider": "provider.openstack",
      "instances": [
        {
          "schema_version": 0,
          "attributes": {
            "admin_state_up": true,
            "all_tags": [],
            "availability_zone_hints": [],
            "description": "",
            "distributed": false,
            "enable_snat": true,
            "external_fixed_ip": [
              {
                "ip_address": "100.67.60.220",
                "subnet_id": "f5091e6b-547e-4791-a969-87e5c87298b4"
              }
            ],
            "external_gateway": "72223c00-1013-499d-b6f2-341626f88674",
            "external_network_id": "72223c00-1013-499d-b6f2-341626f88674",
            "id": "7c541b1b-4998-4f75-8221-1da0a996e087",
            "name": "router_1",
            "region": "",
            "tags": null,
            "tenant_id": "e11e004bdd524b06b3ed6ac39706514c",
            "timeouts": null,
            "value_specs": null,
            "vendor_options": []
          },
          "private": "eyJlMmJmYjczMC1lY2FhLTExZTYtOGY4OC0zNDM2M2JjN2M0YzAiOnsiY3JlYXRlIjo2MDAwMDAwMDAwMDAsImRlbGV0ZSI6NjAwMDAwMDAwMDAwfX0=",
          "dependencies": [
            "openstack_networking_network_v2.public"
          ]
        }
      ]
    },
    {
      "mode": "managed",
      "type": "openstack_networking_subnet_v2",
      "name": "external_subnet",
      "provider": "provider.openstack",
      "instances": [
        {
          "schema_version": 0,
          "attributes": {
            "all_tags": [],
            "allocation_pool": [
              {
                "end": "100.67.60.240",
                "start": "100.67.60.194"
              }
            ],
            "allocation_pools": [
              {
                "end": "100.67.60.240",
                "start": "100.67.60.194"
              }
            ],
            "cidr": "100.67.60.192/26",
            "description": "",
            "dns_nameservers": null,
            "enable_dhcp": false,
            "gateway_ip": "100.67.60.193",
            "host_routes": [],
            "id": "f5091e6b-547e-4791-a969-87e5c87298b4",
            "ip_version": 4,
            "ipv6_address_mode": "",
            "ipv6_ra_mode": "",
            "name": "external_subnet",
            "network_id": "72223c00-1013-499d-b6f2-341626f88674",
            "no_gateway": false,
            "prefix_length": null,
            "region": "",
            "subnetpool_id": "",
            "tags": null,
            "tenant_id": "e11e004bdd524b06b3ed6ac39706514c",
            "timeouts": null,
            "value_specs": null
          },
          "private": "eyJlMmJmYjczMC1lY2FhLTExZTYtOGY4OC0zNDM2M2JjN2M0YzAiOnsiY3JlYXRlIjo2MDAwMDAwMDAwMDAsImRlbGV0ZSI6NjAwMDAwMDAwMDAwfX0=",
          "dependencies": [
            "openstack_networking_network_v2.public"
          ]
        }
      ]
    },
    {
      "mode": "managed",
      "type": "openstack_networking_subnet_v2",
      "name": "parent_subnet",
      "provider": "provider.openstack",
      "instances": [
        {
          "schema_version": 0,
          "attributes": {
            "all_tags": [],
            "allocation_pool": [
              {
                "end": "192.168.70.254",
                "start": "192.168.70.2"
              }
            ],
            "allocation_pools": [
              {
                "end": "192.168.70.254",
                "start": "192.168.70.2"
              }
            ],
            "cidr": "192.168.70.0/24",
            "description": "",
            "dns_nameservers": [
              "8.8.8.8",
              "8.8.4.4"
            ],
            "enable_dhcp": true,
            "gateway_ip": "192.168.70.1",
            "host_routes": [],
            "id": "a0accef2-65d7-476b-ad8d-69eef58a4ad8",
            "ip_version": 4,
            "ipv6_address_mode": "",
            "ipv6_ra_mode": "",
            "name": "parent_subnet",
            "network_id": "3685efde-50f7-4ff4-824b-0ae232845177",
            "no_gateway": false,
            "prefix_length": null,
            "region": "",
            "subnetpool_id": "",
            "tags": null,
            "tenant_id": "e11e004bdd524b06b3ed6ac39706514c",
            "timeouts": null,
            "value_specs": null
          },
          "private": "eyJlMmJmYjczMC1lY2FhLTExZTYtOGY4OC0zNDM2M2JjN2M0YzAiOnsiY3JlYXRlIjo2MDAwMDAwMDAwMDAsImRlbGV0ZSI6NjAwMDAwMDAwMDAwfX0=",
          "dependencies": [
            "openstack_networking_network_v2.parent_network"
          ]
        }
      ]
    },
    {
      "mode": "managed",
      "type": "openstack_networking_subnet_v2",
      "name": "sub_subnet",
      "provider": "provider.openstack",
      "instances": [
        {
          "schema_version": 0,
          "attributes": {
            "all_tags": [],
            "allocation_pool": [
              {
                "end": "192.168.90.254",
                "start": "192.168.90.2"
              }
            ],
            "allocation_pools": [
              {
                "end": "192.168.90.254",
                "start": "192.168.90.2"
              }
            ],
            "cidr": "192.168.90.0/24",
            "description": "",
            "dns_nameservers": [
              "8.8.8.8",
              "8.8.4.4"
            ],
            "enable_dhcp": true,
            "gateway_ip": "192.168.90.1",
            "host_routes": [],
            "id": "faa03c3b-4329-48d9-b701-40583f3710d7",
            "ip_version": 4,
            "ipv6_address_mode": "",
            "ipv6_ra_mode": "",
            "name": "sub_subnet",
            "network_id": "747ad94a-cc58-40b0-a0f7-edb69ae8d41e",
            "no_gateway": false,
            "prefix_length": null,
            "region": "",
            "subnetpool_id": "",
            "tags": null,
            "tenant_id": "e11e004bdd524b06b3ed6ac39706514c",
            "timeouts": null,
            "value_specs": null
          },
          "private": "eyJlMmJmYjczMC1lY2FhLTExZTYtOGY4OC0zNDM2M2JjN2M0YzAiOnsiY3JlYXRlIjo2MDAwMDAwMDAwMDAsImRlbGV0ZSI6NjAwMDAwMDAwMDAwfX0=",
          "dependencies": [
            "openstack_networking_network_v2.sub_network"
          ]
        }
      ]
    },
    {
      "mode": "managed",
      "type": "openstack_networking_trunk_v2",
      "name": "trunk_1",
      "provider": "provider.openstack",
      "instances": [
        {
          "schema_version": 0,
          "attributes": {
            "admin_state_up": true,
            "all_tags": [],
            "description": "",
            "id": "f37a57eb-6e55-45ec-a37a-2e68f391feab",
            "name": "trunk_1",
            "port_id": "8539f939-d5e8-4595-8153-6d3757881810",
            "region": "",
            "sub_port": [
              {
                "port_id": "ab279b51-81a8-4ca1-b00b-66214a2442c2",
                "segmentation_id": 220,
                "segmentation_type": "vlan"
              }
            ],
            "tags": null,
            "tenant_id": "e11e004bdd524b06b3ed6ac39706514c",
            "timeouts": null
          },
          "private": "eyJlMmJmYjczMC1lY2FhLTExZTYtOGY4OC0zNDM2M2JjN2M0YzAiOnsiY3JlYXRlIjozMDAwMDAwMDAwMDAsImRlbGV0ZSI6MzAwMDAwMDAwMDAwfX0=",
          "dependencies": [
            "openstack_networking_network_v2.parent_network",
            "openstack_networking_network_v2.sub_network",
            "openstack_networking_port_v2.parent_port",
            "openstack_networking_port_v2.sub_port",
            "openstack_networking_subnet_v2.parent_subnet",
            "openstack_networking_subnet_v2.sub_subnet"
          ]
        }
      ]
    }
  ]
}
