{
  "version": 4,
  "terraform_version": "0.12.2",
  "serial": 714,
  "lineage": "a2dffe59-1ea8-520e-b729-b5d760ee4993",
  "outputs": {
    "instance_1_private_ip": {
      "value": "192.168.199.10",
      "type": "string"
    },
    "instance_1_public_ip": {
      "value": "100.67.60.205",
      "type": "string"
    },
    "instance_2_private_ip": {
      "value": "192.168.199.11",
      "type": "string"
    },
    "instance_2_public_ip": {
      "value": "100.67.60.223",
      "type": "string"
    },
    "vlanaware_instance_private_ip": {
      "value": "192.168.70.10",
      "type": "string"
    },
    "vlanaware_instance_public_ip": {
      "value": "100.67.60.213",
      "type": "string"
    }
  },
  "resources": [
    {
      "mode": "managed",
      "type": "openstack_compute_flavor_v2",
      "name": "flavor_1",
      "provider": "provider.openstack",
      "instances": [
        {
          "schema_version": 0,
          "attributes": {
            "disk": 50,
            "ephemeral": 0,
            "extra_specs": {
              "hw:cpu_policy": "dedicated",
              "hw:cpu_thread_policy": "require",
              "hw:mem_page_size": "large",
              "hw:numa_node": "1"
            },
            "id": "7f4874ab-d79d-42a7-ad28-a73939707981",
            "is_public": true,
            "name": "flavor_1",
            "ram": 8049,
            "region": "",
            "rx_tx_factor": 1,
            "swap": 0,
            "vcpus": 4
          },
          "private": "bnVsbA=="
        }
      ]
    },
    {
      "mode": "managed",
      "type": "openstack_compute_floatingip_associate_v2",
      "name": "floatip_1",
      "provider": "provider.openstack",
      "instances": [
        {
          "schema_version": 0,
          "attributes": {
            "fixed_ip": "",
            "floating_ip": "100.67.60.205",
            "id": "100.67.60.205/28d7a93b-5a82-4fdd-9c58-c3fee866b897/",
            "instance_id": "28d7a93b-5a82-4fdd-9c58-c3fee866b897",
            "region": "",
            "timeouts": null,
            "wait_until_associated": true
          },
          "private": "eyJlMmJmYjczMC1lY2FhLTExZTYtOGY4OC0zNDM2M2JjN2M0YzAiOnsiY3JlYXRlIjo2MDAwMDAwMDAwMDB9fQ==",
          "depends_on": [
            "openstack_compute_instance_v2.instance_1",
            "openstack_compute_instance_v2.instance_2",
            "openstack_networking_floatingip_v2.floatip_1"
          ]
        }
      ]
    },
    {
      "mode": "managed",
      "type": "openstack_compute_floatingip_associate_v2",
      "name": "floatip_2",
      "provider": "provider.openstack",
      "instances": [
        {
          "schema_version": 0,
          "attributes": {
            "fixed_ip": "",
            "floating_ip": "100.67.60.223",
            "id": "100.67.60.223/2254f688-30fa-4ff9-af01-c238a14d5e7b/",
            "instance_id": "2254f688-30fa-4ff9-af01-c238a14d5e7b",
            "region": "",
            "timeouts": null,
            "wait_until_associated": true
          },
          "private": "eyJlMmJmYjczMC1lY2FhLTExZTYtOGY4OC0zNDM2M2JjN2M0YzAiOnsiY3JlYXRlIjo2MDAwMDAwMDAwMDB9fQ==",
          "depends_on": [
            "openstack_compute_instance_v2.instance_2",
            "openstack_networking_floatingip_v2.floatip_2"
          ]
        }
      ]
    },
    {
      "mode": "managed",
      "type": "openstack_compute_floatingip_associate_v2",
      "name": "vlan_floatip",
      "provider": "provider.openstack",
      "instances": [
        {
          "status": "tainted",
          "schema_version": 0,
          "attributes": {
            "fixed_ip": "",
            "floating_ip": "100.67.60.213",
            "id": "100.67.60.213/3e0d1224-e7b4-44aa-885e-0a5fd591a4a4/",
            "instance_id": "3e0d1224-e7b4-44aa-885e-0a5fd591a4a4",
            "region": "",
            "timeouts": null,
            "wait_until_associated": true
          },
          "private": "eyJlMmJmYjczMC1lY2FhLTExZTYtOGY4OC0zNDM2M2JjN2M0YzAiOnsiY3JlYXRlIjo2MDAwMDAwMDAwMDB9fQ==",
          "depends_on": [
            "openstack_compute_instance_v2.vlanaware_instance_1",
            "openstack_networking_floatingip_v2.vlan_floatip"
          ]
        }
      ]
    },
    {
      "mode": "managed",
      "type": "openstack_compute_instance_v2",
      "name": "instance_1",
      "provider": "provider.openstack",
      "instances": [
        {
          "schema_version": 0,
          "attributes": {
            "access_ip_v4": "192.168.199.10",
            "access_ip_v6": "",
            "admin_pass": null,
            "all_metadata": {},
            "all_tags": [],
            "availability_zone": "nova1",
            "block_device": [],
            "config_drive": null,
            "flavor_id": "3b2d9c0c-90ca-43f3-b424-0324876e0f06",
            "flavor_name": "sanity_flavor",
            "floating_ip": null,
            "force_delete": false,
            "id": "28d7a93b-5a82-4fdd-9c58-c3fee866b897",
            "image_id": "42d598e3-354c-4e50-a01d-9f5f4c3be9fa",
            "image_name": "centos",
            "key_pair": "ssh-key",
            "metadata": null,
            "name": "instance_1",
            "network": [
              {
                "access_network": false,
                "fixed_ip_v4": "192.168.199.10",
                "fixed_ip_v6": "",
                "floating_ip": "",
                "mac": "fa:16:3e:89:27:7a",
                "name": "network_1",
                "port": "8b70d301-8fdc-4d5e-84bc-b797df795786",
                "uuid": "4bf1450c-08e3-4cb6-8a15-7b6c34e96e72"
              }
            ],
            "personality": [],
            "power_state": "active",
            "region": "",
            "scheduler_hints": [],
            "security_groups": [
              "default"
            ],
            "stop_before_destroy": false,
            "tags": null,
            "timeouts": null,
            "user_data": null,
            "vendor_options": [],
            "volume": []
          },
          "private": "eyJlMmJmYjczMC1lY2FhLTExZTYtOGY4OC0zNDM2M2JjN2M0YzAiOnsiY3JlYXRlIjoxODAwMDAwMDAwMDAwLCJkZWxldGUiOjE4MDAwMDAwMDAwMDAsInVwZGF0ZSI6MTgwMDAwMDAwMDAwMH19",
          "depends_on": [
            "openstack_networking_port_v2.port_1"
          ]
        }
      ]
    },
    {
      "mode": "managed",
      "type": "openstack_compute_instance_v2",
      "name": "instance_2",
      "provider": "provider.openstack",
      "instances": [
        {
          "schema_version": 0,
          "attributes": {
            "access_ip_v4": "192.168.199.11",
            "access_ip_v6": "",
            "admin_pass": null,
            "all_metadata": {},
            "all_tags": [],
            "availability_zone": "nova1",
            "block_device": [],
            "config_drive": null,
            "flavor_id": "3b2d9c0c-90ca-43f3-b424-0324876e0f06",
            "flavor_name": "sanity_flavor",
            "floating_ip": null,
            "force_delete": false,
            "id": "2254f688-30fa-4ff9-af01-c238a14d5e7b",
            "image_id": "42d598e3-354c-4e50-a01d-9f5f4c3be9fa",
            "image_name": "centos",
            "key_pair": "ssh-key",
            "metadata": null,
            "name": "instance_2",
            "network": [
              {
                "access_network": false,
                "fixed_ip_v4": "192.168.199.11",
                "fixed_ip_v6": "",
                "floating_ip": "",
                "mac": "fa:16:3e:c4:27:91",
                "name": "network_1",
                "port": "cd8cfc97-52e8-4ad2-822c-f51d33cc6f19",
                "uuid": "4bf1450c-08e3-4cb6-8a15-7b6c34e96e72"
              }
            ],
            "personality": [],
            "power_state": "active",
            "region": "",
            "scheduler_hints": [],
            "security_groups": [
              "default"
            ],
            "stop_before_destroy": false,
            "tags": null,
            "timeouts": null,
            "user_data": null,
            "vendor_options": [],
            "volume": []
          },
          "private": "eyJlMmJmYjczMC1lY2FhLTExZTYtOGY4OC0zNDM2M2JjN2M0YzAiOnsiY3JlYXRlIjoxODAwMDAwMDAwMDAwLCJkZWxldGUiOjE4MDAwMDAwMDAwMDAsInVwZGF0ZSI6MTgwMDAwMDAwMDAwMH19",
          "depends_on": [
            "openstack_networking_port_v2.port_2"
          ]
        }
      ]
    },
    {
      "mode": "managed",
      "type": "openstack_compute_instance_v2",
      "name": "vlanaware_instance_1",
      "provider": "provider.openstack",
      "instances": [
        {
          "schema_version": 0,
          "attributes": {
            "access_ip_v4": "192.168.70.10",
            "access_ip_v6": "",
            "admin_pass": null,
            "all_metadata": {},
            "all_tags": [],
            "availability_zone": "nova1",
            "block_device": [],
            "config_drive": null,
            "flavor_id": "3b2d9c0c-90ca-43f3-b424-0324876e0f06",
            "flavor_name": "sanity_flavor",
            "floating_ip": null,
            "force_delete": false,
            "id": "3e0d1224-e7b4-44aa-885e-0a5fd591a4a4",
            "image_id": "42d598e3-354c-4e50-a01d-9f5f4c3be9fa",
            "image_name": "centos",
            "key_pair": "ssh-key",
            "metadata": null,
            "name": "vlanaware_instance_1",
            "network": [
              {
                "access_network": false,
                "fixed_ip_v4": "192.168.70.10",
                "fixed_ip_v6": "",
                "floating_ip": "",
                "mac": "fa:16:3e:39:72:a1",
                "name": "parent_network",
                "port": "bc40fc80-99d9-46be-9f68-f4e1526173da",
                "uuid": "b0ff9387-c504-4f1f-9700-d60879f4b723"
              }
            ],
            "personality": [],
            "power_state": "active",
            "region": "",
            "scheduler_hints": [],
            "security_groups": [
              "default"
            ],
            "stop_before_destroy": false,
            "tags": null,
            "timeouts": null,
            "user_data": null,
            "vendor_options": [],
            "volume": []
          },
          "private": "eyJlMmJmYjczMC1lY2FhLTExZTYtOGY4OC0zNDM2M2JjN2M0YzAiOnsiY3JlYXRlIjoxODAwMDAwMDAwMDAwLCJkZWxldGUiOjE4MDAwMDAwMDAwMDAsInVwZGF0ZSI6MTgwMDAwMDAwMDAwMH19",
          "depends_on": [
            "openstack_networking_trunk_v2.trunk_1"
          ]
        }
      ]
    },
    {
      "mode": "managed",
      "type": "openstack_compute_keypair_v2",
      "name": "ssh-key",
      "provider": "provider.openstack",
      "instances": [
        {
          "schema_version": 0,
          "attributes": {
            "fingerprint": "37:ac:de:cf:9a:61:cc:3d:f0:0e:6c:48:9f:d8:9f:43",
            "id": "ssh-key",
            "name": "ssh-key",
            "private_key": "",
            "public_key": "ssh-rsa AAAAB3NzaC1yc2EAAAADAQABAAABAQDgR8LqMUAHATFZMbeyo4OobarANGKq+EtNNdmI2aunpM8vUR56xqi9Wp4I2PmYCJb+EOAmK9+hAnPOBHeCP1N5Xtmi3yastQKIFuQM3A6ZUNP5g0CLVdYCwUmLfzPw7nsBfBeFKU1qkKe39+7Kfoal/pTyhX9HcXS2NiMs/1PVsLcVcnKnqP2R0peQ1c3uhgMI0GJ4OhLB6AVXKAf/hmkEug8GY4SVup5YL2kIHaC1QGY5rFMMzgkEnp3uIBQzMGLZ/0zRDINiAJsXOMSWcOv4xyn1cqKdAr/MRh00ABo45XzsvsSm/DiyjfhC6jP2w7keleS0bikTGWfqEccXBCxN osp_admin@director.r60.lab",
            "region": "",
            "value_specs": null
          },
          "private": "bnVsbA=="
        }
      ]
    },
    {
      "mode": "managed",
      "type": "openstack_identity_project_v3",
      "name": "project_1",
      "provider": "provider.openstack",
      "instances": [
        {
          "schema_version": 0,
          "attributes": {
            "description": "Terrraform Project Use Case as Example",
            "domain_id": "default",
            "enabled": true,
            "id": "cae7cc851bc645ffa59a90150e542eae",
            "is_domain": false,
            "name": "project_1",
            "parent_id": "default",
            "region": ""
          },
          "private": "bnVsbA=="
        }
      ]
    },
    {
      "mode": "managed",
      "type": "openstack_images_image_v2",
      "name": "centos_1",
      "provider": "provider.openstack",
      "instances": [
        {
          "schema_version": 0,
          "attributes": {
            "checksum": "160aa274e7a69f2edb50e2d89f54270b",
            "container_format": "bare",
            "created_at": "2019-11-26T12:59:14Z",
            "disk_format": "qcow2",
            "file": "/v2/images/0c0522a9-f6fb-46d1-bb3b-be5cc0690644/file",
            "id": "0c0522a9-f6fb-46d1-bb3b-be5cc0690644",
            "image_cache_path": "/home/osp_admin/.terraform/image_cache",
            "image_source_url": "http://cloud.centos.org/centos/7/images/CentOS-7-x86_64-GenericCloud.qcow2",
            "local_file_path": null,
            "metadata": {},
            "min_disk_gb": 0,
            "min_ram_mb": 0,
            "name": "centos_1",
            "owner": "e11e004bdd524b06b3ed6ac39706514c",
            "properties": {
              "direct_url": "rbd://12213822-0b62-11ea-a859-5254005477b3/images/0c0522a9-f6fb-46d1-bb3b-be5cc0690644/snap"
            },
            "protected": false,
            "region": "",
            "schema": "/v2/schemas/image",
            "size_bytes": 942407680,
            "status": "active",
            "tags": null,
            "timeouts": null,
            "update_at": "2019-11-26T12:59:23Z",
            "updated_at": "2019-11-26T12:59:23Z",
            "verify_checksum": true,
            "visibility": "private"
          },
          "private": "eyJlMmJmYjczMC1lY2FhLTExZTYtOGY4OC0zNDM2M2JjN2M0YzAiOnsiY3JlYXRlIjoxODAwMDAwMDAwMDAwfX0="
        }
      ]
    },
    {
      "mode": "managed",
      "type": "openstack_networking_floatingip_v2",
      "name": "floatip_1",
      "provider": "provider.openstack",
      "instances": [
        {
          "schema_version": 0,
          "attributes": {
            "address": "100.67.60.205",
            "all_tags": [],
            "description": "",
            "dns_domain": "",
            "dns_name": "",
            "fixed_ip": "",
            "id": "c6581bcc-21f7-4f4b-82e5-b3ee401e1cd6",
            "pool": "public",
            "port_id": "",
            "region": "",
            "subnet_id": null,
            "tags": null,
            "tenant_id": "e11e004bdd524b06b3ed6ac39706514c",
            "timeouts": null,
            "value_specs": null
          },
          "private": "eyJlMmJmYjczMC1lY2FhLTExZTYtOGY4OC0zNDM2M2JjN2M0YzAiOnsiY3JlYXRlIjo2MDAwMDAwMDAwMDAsImRlbGV0ZSI6NjAwMDAwMDAwMDAwfX0="
        }
      ]
    },
    {
      "mode": "managed",
      "type": "openstack_networking_floatingip_v2",
      "name": "floatip_2",
      "provider": "provider.openstack",
      "instances": [
        {
          "schema_version": 0,
          "attributes": {
            "address": "100.67.60.223",
            "all_tags": [],
            "description": "",
            "dns_domain": "",
            "dns_name": "",
            "fixed_ip": "",
            "id": "a9c5181b-15a7-42e8-bd04-9ac0a764f559",
            "pool": "public",
            "port_id": "",
            "region": "",
            "subnet_id": null,
            "tags": null,
            "tenant_id": "e11e004bdd524b06b3ed6ac39706514c",
            "timeouts": null,
            "value_specs": null
          },
          "private": "eyJlMmJmYjczMC1lY2FhLTExZTYtOGY4OC0zNDM2M2JjN2M0YzAiOnsiY3JlYXRlIjo2MDAwMDAwMDAwMDAsImRlbGV0ZSI6NjAwMDAwMDAwMDAwfX0="
        }
      ]
    },
    {
      "mode": "managed",
      "type": "openstack_networking_floatingip_v2",
      "name": "vlan_floatip",
      "provider": "provider.openstack",
      "instances": [
        {
          "schema_version": 0,
          "attributes": {
            "address": "100.67.60.213",
            "all_tags": [],
            "description": "",
            "dns_domain": "",
            "dns_name": "",
            "fixed_ip": "",
            "id": "4d459cf8-8777-4619-a62e-626b98279549",
            "pool": "public",
            "port_id": "",
            "region": "",
            "subnet_id": null,
            "tags": null,
            "tenant_id": "e11e004bdd524b06b3ed6ac39706514c",
            "timeouts": null,
            "value_specs": null
          },
          "private": "eyJlMmJmYjczMC1lY2FhLTExZTYtOGY4OC0zNDM2M2JjN2M0YzAiOnsiY3JlYXRlIjo2MDAwMDAwMDAwMDAsImRlbGV0ZSI6NjAwMDAwMDAwMDAwfX0="
        }
      ]
    },
    {
      "mode": "managed",
      "type": "openstack_networking_network_v2",
      "name": "network_1",
      "provider": "provider.openstack",
      "instances": [
        {
          "schema_version": 0,
          "attributes": {
            "admin_state_up": true,
            "all_tags": [],
            "availability_zone_hints": [],
            "description": "",
            "dns_domain": "",
            "external": false,
            "id": "4bf1450c-08e3-4cb6-8a15-7b6c34e96e72",
            "mtu": 1500,
            "name": "network_1",
            "port_security_enabled": true,
            "qos_policy_id": "",
            "region": "",
            "segments": [
              {
                "network_type": "vlan",
                "physical_network": "physint",
                "segmentation_id": 219
              }
            ],
            "shared": false,
            "tags": null,
            "tenant_id": "e11e004bdd524b06b3ed6ac39706514c",
            "timeouts": null,
            "transparent_vlan": false,
            "value_specs": null
          },
          "private": "eyJlMmJmYjczMC1lY2FhLTExZTYtOGY4OC0zNDM2M2JjN2M0YzAiOnsiY3JlYXRlIjo2MDAwMDAwMDAwMDAsImRlbGV0ZSI6NjAwMDAwMDAwMDAwfX0="
        }
      ]
    },
    {
      "mode": "managed",
      "type": "openstack_networking_network_v2",
      "name": "parent_network",
      "provider": "provider.openstack",
      "instances": [
        {
          "schema_version": 0,
          "attributes": {
            "admin_state_up": true,
            "all_tags": [],
            "availability_zone_hints": [],
            "description": "",
            "dns_domain": "",
            "external": false,
            "id": "b0ff9387-c504-4f1f-9700-d60879f4b723",
            "mtu": 1500,
            "name": "parent_network",
            "port_security_enabled": true,
            "qos_policy_id": "",
            "region": "",
            "segments": [
              {
                "network_type": "vlan",
                "physical_network": "physint",
                "segmentation_id": 221
              }
            ],
            "shared": false,
            "tags": null,
            "tenant_id": "e11e004bdd524b06b3ed6ac39706514c",
            "timeouts": null,
            "transparent_vlan": false,
            "value_specs": null
          },
          "private": "eyJlMmJmYjczMC1lY2FhLTExZTYtOGY4OC0zNDM2M2JjN2M0YzAiOnsiY3JlYXRlIjo2MDAwMDAwMDAwMDAsImRlbGV0ZSI6NjAwMDAwMDAwMDAwfX0="
        }
      ]
    },
    {
      "mode": "managed",
      "type": "openstack_networking_network_v2",
      "name": "sub_network",
      "provider": "provider.openstack",
      "instances": [
        {
          "schema_version": 0,
          "attributes": {
            "admin_state_up": true,
            "all_tags": [],
            "availability_zone_hints": [],
            "description": "",
            "dns_domain": "",
            "external": false,
            "id": "f388e2dc-584a-41b1-ba2e-b34da64b890e",
            "mtu": 1500,
            "name": "sub_network",
            "port_security_enabled": true,
            "qos_policy_id": "",
            "region": "",
            "segments": [
              {
                "network_type": "vlan",
                "physical_network": "physint",
                "segmentation_id": 220
              }
            ],
            "shared": false,
            "tags": null,
            "tenant_id": "e11e004bdd524b06b3ed6ac39706514c",
            "timeouts": null,
            "transparent_vlan": false,
            "value_specs": null
          },
          "private": "eyJlMmJmYjczMC1lY2FhLTExZTYtOGY4OC0zNDM2M2JjN2M0YzAiOnsiY3JlYXRlIjo2MDAwMDAwMDAwMDAsImRlbGV0ZSI6NjAwMDAwMDAwMDAwfX0="
        }
      ]
    },
    {
      "mode": "managed",
      "type": "openstack_networking_port_v2",
      "name": "parent_port",
      "provider": "provider.openstack",
      "instances": [
        {
          "schema_version": 0,
          "attributes": {
            "admin_state_up": true,
            "all_fixed_ips": [
              "192.168.70.10"
            ],
            "all_security_group_ids": [
              "4a75fc71-5222-4a8f-a471-11cbfea28e75"
            ],
            "all_tags": [],
            "allowed_address_pairs": [],
            "binding": [
              {
                "host_id": "",
                "profile": "{}",
                "vif_details": {},
                "vif_type": "unbound",
                "vnic_type": "normal"
              }
            ],
            "description": "",
            "device_id": "",
            "device_owner": "",
            "dns_assignment": [],
            "dns_name": "",
            "extra_dhcp_option": [],
            "fixed_ip": [
              {
                "ip_address": "192.168.70.10",
                "subnet_id": "7c93bc47-e4ff-4aaf-8f08-882aed3b945c"
              }
            ],
            "id": "bc40fc80-99d9-46be-9f68-f4e1526173da",
            "mac_address": "fa:16:3e:39:72:a1",
            "name": "parent_port",
            "network_id": "b0ff9387-c504-4f1f-9700-d60879f4b723",
            "no_fixed_ip": null,
            "no_security_groups": null,
            "port_security_enabled": true,
            "qos_policy_id": "",
            "region": "",
            "security_group_ids": null,
            "tags": null,
            "tenant_id": "e11e004bdd524b06b3ed6ac39706514c",
            "timeouts": null,
            "value_specs": null
          },
          "private": "eyJlMmJmYjczMC1lY2FhLTExZTYtOGY4OC0zNDM2M2JjN2M0YzAiOnsiY3JlYXRlIjo2MDAwMDAwMDAwMDAsImRlbGV0ZSI6NjAwMDAwMDAwMDAwfX0=",
          "depends_on": [
            "openstack_networking_network_v2.parent_network",
            "openstack_networking_subnet_v2.parent_subnet"
          ]
        }
      ]
    },
    {
      "mode": "managed",
      "type": "openstack_networking_port_v2",
      "name": "port_1",
      "provider": "provider.openstack",
      "instances": [
        {
          "schema_version": 0,
          "attributes": {
            "admin_state_up": true,
            "all_fixed_ips": [
              "192.168.199.10"
            ],
            "all_security_group_ids": [
              "4a75fc71-5222-4a8f-a471-11cbfea28e75"
            ],
            "all_tags": [],
            "allowed_address_pairs": [],
            "binding": [
              {
                "host_id": "",
                "profile": "{}",
                "vif_details": {},
                "vif_type": "unbound",
                "vnic_type": "normal"
              }
            ],
            "description": "",
            "device_id": "",
            "device_owner": "",
            "dns_assignment": [],
            "dns_name": "",
            "extra_dhcp_option": [],
            "fixed_ip": [
              {
                "ip_address": "192.168.199.10",
                "subnet_id": "4eca52c2-f153-4a37-b1a0-9413edc16a03"
              }
            ],
            "id": "8b70d301-8fdc-4d5e-84bc-b797df795786",
            "mac_address": "fa:16:3e:89:27:7a",
            "name": "port_1",
            "network_id": "4bf1450c-08e3-4cb6-8a15-7b6c34e96e72",
            "no_fixed_ip": null,
            "no_security_groups": null,
            "port_security_enabled": true,
            "qos_policy_id": "",
            "region": "",
            "security_group_ids": null,
            "tags": null,
            "tenant_id": "e11e004bdd524b06b3ed6ac39706514c",
            "timeouts": null,
            "value_specs": null
          },
          "private": "eyJlMmJmYjczMC1lY2FhLTExZTYtOGY4OC0zNDM2M2JjN2M0YzAiOnsiY3JlYXRlIjo2MDAwMDAwMDAwMDAsImRlbGV0ZSI6NjAwMDAwMDAwMDAwfX0=",
          "depends_on": [
            "openstack_networking_network_v2.network_1",
            "openstack_networking_subnet_v2.subnet_1"
          ]
        }
      ]
    },
    {
      "mode": "managed",
      "type": "openstack_networking_port_v2",
      "name": "port_2",
      "provider": "provider.openstack",
      "instances": [
        {
          "schema_version": 0,
          "attributes": {
            "admin_state_up": true,
            "all_fixed_ips": [
              "192.168.199.11"
            ],
            "all_security_group_ids": [
              "4a75fc71-5222-4a8f-a471-11cbfea28e75"
            ],
            "all_tags": [],
            "allowed_address_pairs": [],
            "binding": [
              {
                "host_id": "",
                "profile": "{}",
                "vif_details": {},
                "vif_type": "unbound",
                "vnic_type": "normal"
              }
            ],
            "description": "",
            "device_id": "",
            "device_owner": "",
            "dns_assignment": [],
            "dns_name": "",
            "extra_dhcp_option": [],
            "fixed_ip": [
              {
                "ip_address": "192.168.199.11",
                "subnet_id": "4eca52c2-f153-4a37-b1a0-9413edc16a03"
              }
            ],
            "id": "cd8cfc97-52e8-4ad2-822c-f51d33cc6f19",
            "mac_address": "fa:16:3e:c4:27:91",
            "name": "port_2",
            "network_id": "4bf1450c-08e3-4cb6-8a15-7b6c34e96e72",
            "no_fixed_ip": null,
            "no_security_groups": null,
            "port_security_enabled": true,
            "qos_policy_id": "",
            "region": "",
            "security_group_ids": null,
            "tags": null,
            "tenant_id": "e11e004bdd524b06b3ed6ac39706514c",
            "timeouts": null,
            "value_specs": null
          },
          "private": "eyJlMmJmYjczMC1lY2FhLTExZTYtOGY4OC0zNDM2M2JjN2M0YzAiOnsiY3JlYXRlIjo2MDAwMDAwMDAwMDAsImRlbGV0ZSI6NjAwMDAwMDAwMDAwfX0=",
          "depends_on": [
            "openstack_networking_network_v2.network_1",
            "openstack_networking_subnet_v2.subnet_1"
          ]
        }
      ]
    },
    {
      "mode": "managed",
      "type": "openstack_networking_port_v2",
      "name": "sub_port",
      "provider": "provider.openstack",
      "instances": [
        {
          "schema_version": 0,
          "attributes": {
            "admin_state_up": true,
            "all_fixed_ips": [
              "192.168.90.10"
            ],
            "all_security_group_ids": [
              "4a75fc71-5222-4a8f-a471-11cbfea28e75"
            ],
            "all_tags": [],
            "allowed_address_pairs": [],
            "binding": [
              {
                "host_id": "",
                "profile": "{}",
                "vif_details": {},
                "vif_type": "unbound",
                "vnic_type": "normal"
              }
            ],
            "description": "",
            "device_id": "",
            "device_owner": "",
            "dns_assignment": [],
            "dns_name": "",
            "extra_dhcp_option": [],
            "fixed_ip": [
              {
                "ip_address": "192.168.90.10",
                "subnet_id": "56140979-6295-4b5c-a10b-79bbed45c15f"
              }
            ],
            "id": "5cdb4276-1a02-4993-abcd-a56675f5e298",
            "mac_address": "fa:16:3e:e7:89:23",
            "name": "sub_port",
            "network_id": "f388e2dc-584a-41b1-ba2e-b34da64b890e",
            "no_fixed_ip": null,
            "no_security_groups": null,
            "port_security_enabled": true,
            "qos_policy_id": "",
            "region": "",
            "security_group_ids": null,
            "tags": null,
            "tenant_id": "e11e004bdd524b06b3ed6ac39706514c",
            "timeouts": null,
            "value_specs": null
          },
          "private": "eyJlMmJmYjczMC1lY2FhLTExZTYtOGY4OC0zNDM2M2JjN2M0YzAiOnsiY3JlYXRlIjo2MDAwMDAwMDAwMDAsImRlbGV0ZSI6NjAwMDAwMDAwMDAwfX0=",
          "depends_on": [
            "openstack_networking_network_v2.sub_network",
            "openstack_networking_subnet_v2.sub_subnet"
          ]
        }
      ]
    },
    {
      "mode": "managed",
      "type": "openstack_networking_router_interface_v2",
      "name": "parent_router_interface",
      "provider": "provider.openstack",
      "instances": [
        {
          "schema_version": 0,
          "attributes": {
            "id": "de5cb109-bfce-4670-a9f4-c496cb8c233c",
            "port_id": "de5cb109-bfce-4670-a9f4-c496cb8c233c",
            "region": "",
            "router_id": "3d76cac4-c9b6-47e1-9f7f-4869d8ebe82f",
            "subnet_id": "7c93bc47-e4ff-4aaf-8f08-882aed3b945c",
            "timeouts": null
          },
          "private": "eyJlMmJmYjczMC1lY2FhLTExZTYtOGY4OC0zNDM2M2JjN2M0YzAiOnsiY3JlYXRlIjo2MDAwMDAwMDAwMDAsImRlbGV0ZSI6NjAwMDAwMDAwMDAwfX0=",
          "depends_on": [
            "openstack_networking_router_v2.router_1",
            "openstack_networking_subnet_v2.parent_subnet"
          ]
        }
      ]
    },
    {
      "mode": "managed",
      "type": "openstack_networking_router_interface_v2",
      "name": "router_interface_1",
      "provider": "provider.openstack",
      "instances": [
        {
          "schema_version": 0,
          "attributes": {
            "id": "3ddbc251-cafc-430f-a4cc-a99ee0aae770",
            "port_id": "3ddbc251-cafc-430f-a4cc-a99ee0aae770",
            "region": "",
            "router_id": "3d76cac4-c9b6-47e1-9f7f-4869d8ebe82f",
            "subnet_id": "4eca52c2-f153-4a37-b1a0-9413edc16a03",
            "timeouts": null
          },
          "private": "eyJlMmJmYjczMC1lY2FhLTExZTYtOGY4OC0zNDM2M2JjN2M0YzAiOnsiY3JlYXRlIjo2MDAwMDAwMDAwMDAsImRlbGV0ZSI6NjAwMDAwMDAwMDAwfX0=",
          "depends_on": [
            "openstack_networking_router_v2.router_1",
            "openstack_networking_subnet_v2.subnet_1"
          ]
        }
      ]
    },
    {
      "mode": "managed",
      "type": "openstack_networking_router_interface_v2",
      "name": "sub_router_interface",
      "provider": "provider.openstack",
      "instances": [
        {
          "schema_version": 0,
          "attributes": {
            "id": "2637a2ab-9976-4b66-85df-04db067802e8",
            "port_id": "2637a2ab-9976-4b66-85df-04db067802e8",
            "region": "",
            "router_id": "3d76cac4-c9b6-47e1-9f7f-4869d8ebe82f",
            "subnet_id": "56140979-6295-4b5c-a10b-79bbed45c15f",
            "timeouts": null
          },
          "private": "eyJlMmJmYjczMC1lY2FhLTExZTYtOGY4OC0zNDM2M2JjN2M0YzAiOnsiY3JlYXRlIjo2MDAwMDAwMDAwMDAsImRlbGV0ZSI6NjAwMDAwMDAwMDAwfX0=",
          "depends_on": [
            "openstack_networking_router_v2.router_1",
            "openstack_networking_subnet_v2.sub_subnet"
          ]
        }
      ]
    },
    {
      "mode": "managed",
      "type": "openstack_networking_router_v2",
      "name": "router_1",
      "provider": "provider.openstack",
      "instances": [
        {
          "schema_version": 0,
          "attributes": {
            "admin_state_up": true,
            "all_tags": [],
            "availability_zone_hints": [],
            "description": "",
            "distributed": false,
            "enable_snat": true,
            "external_fixed_ip": [
              {
                "ip_address": "100.67.60.198",
                "subnet_id": "0df5d6fd-a402-4c85-a62b-1d1df651fc6b"
              }
            ],
            "external_gateway": "45d3d1ac-f2a8-4b69-85c0-e8cbfc7f3552",
            "external_network_id": "45d3d1ac-f2a8-4b69-85c0-e8cbfc7f3552",
            "id": "3d76cac4-c9b6-47e1-9f7f-4869d8ebe82f",
            "name": "router_1",
            "region": "",
            "tags": null,
            "tenant_id": "e11e004bdd524b06b3ed6ac39706514c",
            "timeouts": null,
            "value_specs": null,
            "vendor_options": []
          },
          "private": "eyJlMmJmYjczMC1lY2FhLTExZTYtOGY4OC0zNDM2M2JjN2M0YzAiOnsiY3JlYXRlIjo2MDAwMDAwMDAwMDAsImRlbGV0ZSI6NjAwMDAwMDAwMDAwfX0="
        }
      ]
    },
    {
      "mode": "managed",
      "type": "openstack_networking_subnet_v2",
      "name": "parent_subnet",
      "provider": "provider.openstack",
      "instances": [
        {
          "schema_version": 0,
          "attributes": {
            "all_tags": [],
            "allocation_pool": [
              {
                "end": "192.168.70.254",
                "start": "192.168.70.2"
              }
            ],
            "allocation_pools": [
              {
                "end": "192.168.70.254",
                "start": "192.168.70.2"
              }
            ],
            "cidr": "192.168.70.0/24",
            "description": "",
            "dns_nameservers": [
              "8.8.8.8",
              "8.8.4.4"
            ],
            "enable_dhcp": true,
            "gateway_ip": "192.168.70.1",
            "host_routes": [],
            "id": "7c93bc47-e4ff-4aaf-8f08-882aed3b945c",
            "ip_version": 4,
            "ipv6_address_mode": "",
            "ipv6_ra_mode": "",
            "name": "parent_subnet",
            "network_id": "b0ff9387-c504-4f1f-9700-d60879f4b723",
            "no_gateway": false,
            "prefix_length": null,
            "region": "",
            "subnetpool_id": "",
            "tags": null,
            "tenant_id": "e11e004bdd524b06b3ed6ac39706514c",
            "timeouts": null,
            "value_specs": null
          },
          "private": "eyJlMmJmYjczMC1lY2FhLTExZTYtOGY4OC0zNDM2M2JjN2M0YzAiOnsiY3JlYXRlIjo2MDAwMDAwMDAwMDAsImRlbGV0ZSI6NjAwMDAwMDAwMDAwfX0=",
          "depends_on": [
            "openstack_networking_network_v2.parent_network"
          ]
        }
      ]
    },
    {
      "mode": "managed",
      "type": "openstack_networking_subnet_v2",
      "name": "sub_subnet",
      "provider": "provider.openstack",
      "instances": [
        {
          "schema_version": 0,
          "attributes": {
            "all_tags": [],
            "allocation_pool": [
              {
                "end": "192.168.90.254",
                "start": "192.168.90.2"
              }
            ],
            "allocation_pools": [
              {
                "end": "192.168.90.254",
                "start": "192.168.90.2"
              }
            ],
            "cidr": "192.168.90.0/24",
            "description": "",
            "dns_nameservers": [
              "8.8.8.8",
              "8.8.4.4"
            ],
            "enable_dhcp": true,
            "gateway_ip": "192.168.90.1",
            "host_routes": [],
            "id": "56140979-6295-4b5c-a10b-79bbed45c15f",
            "ip_version": 4,
            "ipv6_address_mode": "",
            "ipv6_ra_mode": "",
            "name": "sub_subnet",
            "network_id": "f388e2dc-584a-41b1-ba2e-b34da64b890e",
            "no_gateway": false,
            "prefix_length": null,
            "region": "",
            "subnetpool_id": "",
            "tags": null,
            "tenant_id": "e11e004bdd524b06b3ed6ac39706514c",
            "timeouts": null,
            "value_specs": null
          },
          "private": "eyJlMmJmYjczMC1lY2FhLTExZTYtOGY4OC0zNDM2M2JjN2M0YzAiOnsiY3JlYXRlIjo2MDAwMDAwMDAwMDAsImRlbGV0ZSI6NjAwMDAwMDAwMDAwfX0=",
          "depends_on": [
            "openstack_networking_network_v2.sub_network"
          ]
        }
      ]
    },
    {
      "mode": "managed",
      "type": "openstack_networking_subnet_v2",
      "name": "subnet_1",
      "provider": "provider.openstack",
      "instances": [
        {
          "schema_version": 0,
          "attributes": {
            "all_tags": [],
            "allocation_pool": [
              {
                "end": "192.168.199.254",
                "start": "192.168.199.2"
              }
            ],
            "allocation_pools": [
              {
                "end": "192.168.199.254",
                "start": "192.168.199.2"
              }
            ],
            "cidr": "192.168.199.0/24",
            "description": "",
            "dns_nameservers": [
              "8.8.8.8",
              "8.8.4.4"
            ],
            "enable_dhcp": true,
            "gateway_ip": "192.168.199.1",
            "host_routes": [],
            "id": "4eca52c2-f153-4a37-b1a0-9413edc16a03",
            "ip_version": 4,
            "ipv6_address_mode": "",
            "ipv6_ra_mode": "",
            "name": "subnet_1",
            "network_id": "4bf1450c-08e3-4cb6-8a15-7b6c34e96e72",
            "no_gateway": false,
            "prefix_length": null,
            "region": "",
            "subnetpool_id": "",
            "tags": null,
            "tenant_id": "e11e004bdd524b06b3ed6ac39706514c",
            "timeouts": null,
            "value_specs": null
          },
          "private": "eyJlMmJmYjczMC1lY2FhLTExZTYtOGY4OC0zNDM2M2JjN2M0YzAiOnsiY3JlYXRlIjo2MDAwMDAwMDAwMDAsImRlbGV0ZSI6NjAwMDAwMDAwMDAwfX0=",
          "depends_on": [
            "openstack_networking_network_v2.network_1"
          ]
        }
      ]
    },
    {
      "mode": "managed",
      "type": "openstack_networking_trunk_v2",
      "name": "trunk_1",
      "provider": "provider.openstack",
      "instances": [
        {
          "schema_version": 0,
          "attributes": {
            "admin_state_up": true,
            "all_tags": [],
            "description": "",
            "id": "e968b368-7d6f-4568-a372-9028eeda4593",
            "name": "trunk_1",
            "port_id": "bc40fc80-99d9-46be-9f68-f4e1526173da",
            "region": "",
            "sub_port": [
              {
                "port_id": "5cdb4276-1a02-4993-abcd-a56675f5e298",
                "segmentation_id": 220,
                "segmentation_type": "vlan"
              }
            ],
            "tags": null,
            "tenant_id": "e11e004bdd524b06b3ed6ac39706514c",
            "timeouts": null
          },
          "private": "eyJlMmJmYjczMC1lY2FhLTExZTYtOGY4OC0zNDM2M2JjN2M0YzAiOnsiY3JlYXRlIjozMDAwMDAwMDAwMDAsImRlbGV0ZSI6MzAwMDAwMDAwMDAwfX0=",
          "depends_on": [
            "openstack_networking_port_v2.parent_port",
            "openstack_networking_port_v2.sub_port"
          ]
        }
      ]
    }
  ]
}
